// !$*UTF8*$!
{
	archiveVersion = 1;
	classes = {
	};
	objectVersion = 50;
	objects = {

/* Begin PBXBuildFile section */
		25F53D11242A83060022901F /* AppDelegate.swift in Sources */ = {isa = PBXBuildFile; fileRef = 25F53D10242A83060022901F /* AppDelegate.swift */; };
		25F53D13242A83060022901F /* SceneDelegate.swift in Sources */ = {isa = PBXBuildFile; fileRef = 25F53D12242A83060022901F /* SceneDelegate.swift */; };
		25F53D15242A83060022901F /* ViewController.swift in Sources */ = {isa = PBXBuildFile; fileRef = 25F53D14242A83060022901F /* ViewController.swift */; };
		25F53D18242A83060022901F /* Main.storyboard in Resources */ = {isa = PBXBuildFile; fileRef = 25F53D16242A83060022901F /* Main.storyboard */; };
		25F53D1B242A83060022901F /* KeyboardObserver.xcdatamodeld in Sources */ = {isa = PBXBuildFile; fileRef = 25F53D19242A83060022901F /* KeyboardObserver.xcdatamodeld */; };
		25F53D1D242A83080022901F /* Assets.xcassets in Resources */ = {isa = PBXBuildFile; fileRef = 25F53D1C242A83080022901F /* Assets.xcassets */; };
		25F53D20242A83080022901F /* LaunchScreen.storyboard in Resources */ = {isa = PBXBuildFile; fileRef = 25F53D1E242A83080022901F /* LaunchScreen.storyboard */; };
		25F53D28242A83F20022901F /* KeyboardObserver.swift in Sources */ = {isa = PBXBuildFile; fileRef = 25F53D27242A83F20022901F /* KeyboardObserver.swift */; };
/* End PBXBuildFile section */

/* Begin PBXFileReference section */
		25F53D0D242A83060022901F /* KeyboardObserver.app */ = {isa = PBXFileReference; explicitFileType = wrapper.application; includeInIndex = 0; path = KeyboardObserver.app; sourceTree = BUILT_PRODUCTS_DIR; };
		25F53D10242A83060022901F /* AppDelegate.swift */ = {isa = PBXFileReference; lastKnownFileType = sourcecode.swift; path = AppDelegate.swift; sourceTree = "<group>"; };
		25F53D12242A83060022901F /* SceneDelegate.swift */ = {isa = PBXFileReference; lastKnownFileType = sourcecode.swift; path = SceneDelegate.swift; sourceTree = "<group>"; };
		25F53D14242A83060022901F /* ViewController.swift */ = {isa = PBXFileReference; lastKnownFileType = sourcecode.swift; path = ViewController.swift; sourceTree = "<group>"; };
		25F53D17242A83060022901F /* Base */ = {isa = PBXFileReference; lastKnownFileType = file.storyboard; name = Base; path = Base.lproj/Main.storyboard; sourceTree = "<group>"; };
		25F53D1A242A83060022901F /* KeyboardObserver.xcdatamodel */ = {isa = PBXFileReference; lastKnownFileType = wrapper.xcdatamodel; path = KeyboardObserver.xcdatamodel; sourceTree = "<group>"; };
		25F53D1C242A83080022901F /* Assets.xcassets */ = {isa = PBXFileReference; lastKnownFileType = folder.assetcatalog; path = Assets.xcassets; sourceTree = "<group>"; };
		25F53D1F242A83080022901F /* Base */ = {isa = PBXFileReference; lastKnownFileType = file.storyboard; name = Base; path = Base.lproj/LaunchScreen.storyboard; sourceTree = "<group>"; };
		25F53D21242A83080022901F /* Info.plist */ = {isa = PBXFileReference; lastKnownFileType = text.plist.xml; path = Info.plist; sourceTree = "<group>"; };
		25F53D27242A83F20022901F /* KeyboardObserver.swift */ = {isa = PBXFileReference; lastKnownFileType = sourcecode.swift; path = KeyboardObserver.swift; sourceTree = "<group>"; };
/* End PBXFileReference section */

/* Begin PBXFrameworksBuildPhase section */
		25F53D0A242A83060022901F /* Frameworks */ = {
			isa = PBXFrameworksBuildPhase;
			buildActionMask = 2147483647;
			files = (
			);
			runOnlyForDeploymentPostprocessing = 0;
		};
/* End PBXFrameworksBuildPhase section */

/* Begin PBXGroup section */
		25F53D04242A83060022901F = {
			isa = PBXGroup;
			children = (
				25F53D0F242A83060022901F /* KeyboardObserver */,
				25F53D0E242A83060022901F /* Products */,
			);
			sourceTree = "<group>";
		};
		25F53D0E242A83060022901F /* Products */ = {
			isa = PBXGroup;
			children = (
				25F53D0D242A83060022901F /* KeyboardObserver.app */,
			);
			name = Products;
			sourceTree = "<group>";
		};
		25F53D0F242A83060022901F /* KeyboardObserver */ = {
			isa = PBXGroup;
			children = (
				25F53D10242A83060022901F /* AppDelegate.swift */,
				25F53D12242A83060022901F /* SceneDelegate.swift */,
				25F53D14242A83060022901F /* ViewController.swift */,
				25F53D27242A83F20022901F /* KeyboardObserver.swift */,
				25F53D16242A83060022901F /* Main.storyboard */,
				25F53D1C242A83080022901F /* Assets.xcassets */,
				25F53D1E242A83080022901F /* LaunchScreen.storyboard */,
				25F53D21242A83080022901F /* Info.plist */,
				25F53D19242A83060022901F /* KeyboardObserver.xcdatamodeld */,
			);
			path = KeyboardObserver;
			sourceTree = "<group>";
		};
/* End PBXGroup section */

/* Begin PBXNativeTarget section */
		25F53D0C242A83060022901F /* KeyboardObserver */ = {
			isa = PBXNativeTarget;
			buildConfigurationList = 25F53D24242A83080022901F /* Build configuration list for PBXNativeTarget "KeyboardObserver" */;
			buildPhases = (
				25F53D09242A83060022901F /* Sources */,
				25F53D0A242A83060022901F /* Frameworks */,
				25F53D0B242A83060022901F /* Resources */,
			);
			buildRules = (
			);
			dependencies = (
			);
			name = KeyboardObserver;
			productName = KeyboardObserver;
			productReference = 25F53D0D242A83060022901F /* KeyboardObserver.app */;
			productType = "com.apple.product-type.application";
		};
/* End PBXNativeTarget section */

/* Begin PBXProject section */
		25F53D05242A83060022901F /* Project object */ = {
			isa = PBXProject;
			attributes = {
				LastSwiftUpdateCheck = 1120;
				LastUpgradeCheck = 1120;
				ORGANIZATIONNAME = Vialyx;
				TargetAttributes = {
					25F53D0C242A83060022901F = {
						CreatedOnToolsVersion = 11.2.1;
					};
				};
			};
			buildConfigurationList = 25F53D08242A83060022901F /* Build configuration list for PBXProject "KeyboardObserver" */;
			compatibilityVersion = "Xcode 9.3";
			developmentRegion = en;
			hasScannedForEncodings = 0;
			knownRegions = (
				en,
				Base,
			);
			mainGroup = 25F53D04242A83060022901F;
			productRefGroup = 25F53D0E242A83060022901F /* Products */;
			projectDirPath = "";
			projectRoot = "";
			targets = (
				25F53D0C242A83060022901F /* KeyboardObserver */,
			);
		};
/* End PBXProject section */

/* Begin PBXResourcesBuildPhase section */
		25F53D0B242A83060022901F /* Resources */ = {
			isa = PBXResourcesBuildPhase;
			buildActionMask = 2147483647;
			files = (
				25F53D20242A83080022901F /* LaunchScreen.storyboard in Resources */,
				25F53D1D242A83080022901F /* Assets.xcassets in Resources */,
				25F53D18242A83060022901F /* Main.storyboard in Resources */,
			);
			runOnlyForDeploymentPostprocessing = 0;
		};
/* End PBXResourcesBuildPhase section */

/* Begin PBXSourcesBuildPhase section */
		25F53D09242A83060022901F /* Sources */ = {
			isa = PBXSourcesBuildPhase;
			buildActionMask = 2147483647;
			files = (
				25F53D28242A83F20022901F /* KeyboardObserver.swift in Sources */,
				25F53D15242A83060022901F /* ViewController.swift in Sources */,
				25F53D11242A83060022901F /* AppDelegate.swift in Sources */,
				25F53D1B242A83060022901F /* KeyboardObserver.xcdatamodeld in Sources */,
				25F53D13242A83060022901F /* SceneDelegate.swift in Sources */,
			);
			runOnlyForDeploymentPostprocessing = 0;
		};
/* End PBXSourcesBuildPhase section */

/* Begin PBXVariantGroup section */
		25F53D16242A83060022901F /* Main.storyboard */ = {
			isa = PBXVariantGroup;
			children = (
				25F53D17242A83060022901F /* Base */,
			);
			name = Main.storyboard;
			sourceTree = "<group>";
		};
		25F53D1E242A83080022901F /* LaunchScreen.storyboard */ = {
			isa = PBXVariantGroup;
			children = (
				25F53D1F242A83080022901F /* Base */,
			);
			name = LaunchScreen.storyboard;
			sourceTree = "<group>";
		};
/* End PBXVariantGroup section */

/* Begin XCBuildConfiguration section */
		25F53D22242A83080022901F /* Debug */ = {
			isa = XCBuildConfiguration;
			buildSettings = {
				ALWAYS_SEARCH_USER_PATHS = NO;
				CLANG_ANALYZER_NONNULL = YES;
				CLANG_ANALYZER_NUMBER_OBJECT_CONVERSION = YES_AGGRESSIVE;
				CLANG_CXX_LANGUAGE_STANDARD = "gnu++14";
				CLANG_CXX_LIBRARY = "libc++";
				CLANG_ENABLE_MODULES = YES;
				CLANG_ENABLE_OBJC_ARC = YES;
				CLANG_ENABLE_OBJC_WEAK = YES;
				CLANG_WARN_BLOCK_CAPTURE_AUTORELEASING = YES;
				CLANG_WARN_BOOL_CONVERSION = YES;
				CLANG_WARN_COMMA = YES;
				CLANG_WARN_CONSTANT_CONVERSION = YES;
				CLANG_WARN_DEPRECATED_OBJC_IMPLEMENTATIONS = YES;
				CLANG_WARN_DIRECT_OBJC_ISA_USAGE = YES_ERROR;
				CLANG_WARN_DOCUMENTATION_COMMENTS = YES;
				CLANG_WARN_EMPTY_BODY = YES;
				CLANG_WARN_ENUM_CONVERSION = YES;
				CLANG_WARN_INFINITE_RECURSION = YES;
				CLANG_WARN_INT_CONVERSION = YES;
				CLANG_WARN_NON_LITERAL_NULL_CONVERSION = YES;
				CLANG_WARN_OBJC_IMPLICIT_RETAIN_SELF = YES;
				CLANG_WARN_OBJC_LITERAL_CONVERSION = YES;
				CLANG_WARN_OBJC_ROOT_CLASS = YES_ERROR;
				CLANG_WARN_RANGE_LOOP_ANALYSIS = YES;
				CLANG_WARN_STRICT_PROTOTYPES = YES;
				CLANG_WARN_SUSPICIOUS_MOVE = YES;
				CLANG_WARN_UNGUARDED_AVAILABILITY = YES_AGGRESSIVE;
				CLANG_WARN_UNREACHABLE_CODE = YES;
				CLANG_WARN__DUPLICATE_METHOD_MATCH = YES;
				COPY_PHASE_STRIP = NO;
				DEBUG_INFORMATION_FORMAT = dwarf;
				ENABLE_STRICT_OBJC_MSGSEND = YES;
				ENABLE_TESTABILITY = YES;
				GCC_C_LANGUAGE_STANDARD = gnu11;
				GCC_DYNAMIC_NO_PIC = NO;
				GCC_NO_COMMON_BLOCKS = YES;
				GCC_OPTIMIZATION_LEVEL = 0;
				GCC_PREPROCESSOR_DEFINITIONS = (
					"DEBUG=1",
					"$(inherited)",
				);
				GCC_WARN_64_TO_32_BIT_CONVERSION = YES;
				GCC_WARN_ABOUT_RETURN_TYPE = YES_ERROR;
				GCC_WARN_UNDECLARED_SELECTOR = YES;
				GCC_WARN_UNINITIALIZED_AUTOS = YES_AGGRESSIVE;
				GCC_WARN_UNUSED_FUNCTION = YES;
				GCC_WARN_UNUSED_VARIABLE = YES;
				IPHONEOS_DEPLOYMENT_TARGET = 13.2;
				MTL_ENABLE_DEBUG_INFO = INCLUDE_SOURCE;
				MTL_FAST_MATH = YES;
				ONLY_ACTIVE_ARCH = YES;
				SDKROOT = iphoneos;
				SWIFT_ACTIVE_COMPILATION_CONDITIONS = DEBUG;
				SWIFT_OPTIMIZATION_LEVEL = "-Onone";
			};
			name = Debug;
		};
		25F53D23242A83080022901F /* Release */ = {
			isa = XCBuildConfiguration;
			buildSettings = {
				ALWAYS_SEARCH_USER_PATHS = NO;
				CLANG_ANALYZER_NONNULL = YES;
				CLANG_ANALYZER_NUMBER_OBJECT_CONVERSION = YES_AGGRESSIVE;
				CLANG_CXX_LANGUAGE_STANDARD = "gnu++14";
				CLANG_CXX_LIBRARY = "libc++";
				CLANG_ENABLE_MODULES = YES;
				CLANG_ENABLE_OBJC_ARC = YES;
				CLANG_ENABLE_OBJC_WEAK = YES;
				CLANG_WARN_BLOCK_CAPTURE_AUTORELEASING = YES;
				CLANG_WARN_BOOL_CONVERSION = YES;
				CLANG_WARN_COMMA = YES;
				CLANG_WARN_CONSTANT_CONVERSION = YES;
				CLANG_WARN_DEPRECATED_OBJC_IMPLEMENTATIONS = YES;
				CLANG_WARN_DIRECT_OBJC_ISA_USAGE = YES_ERROR;
				CLANG_WARN_DOCUMENTATION_COMMENTS = YES;
				CLANG_WARN_EMPTY_BODY = YES;
				CLANG_WARN_ENUM_CONVERSION = YES;
				CLANG_WARN_INFINITE_RECURSION = YES;
				CLANG_WARN_INT_CONVERSION = YES;
				CLANG_WARN_NON_LITERAL_NULL_CONVERSION = YES;
				CLANG_WARN_OBJC_IMPLICIT_RETAIN_SELF = YES;
				CLANG_WARN_OBJC_LITERAL_CONVERSION = YES;
				CLANG_WARN_OBJC_ROOT_CLASS = YES_ERROR;
				CLANG_WARN_RANGE_LOOP_ANALYSIS = YES;
				CLANG_WARN_STRICT_PROTOTYPES = YES;
				CLANG_WARN_SUSPICIOUS_MOVE = YES;
				CLANG_WARN_UNGUARDED_AVAILABILITY = YES_AGGRESSIVE;
				CLANG_WARN_UNREACHABLE_CODE = YES;
				CLANG_WARN__DUPLICATE_METHOD_MATCH = YES;
				COPY_PHASE_STRIP = NO;
				DEBUG_INFORMATION_FORMAT = "dwarf-with-dsym";
				ENABLE_NS_ASSERTIONS = NO;
				ENABLE_STRICT_OBJC_MSGSEND = YES;
				GCC_C_LANGUAGE_STANDARD = gnu11;
				GCC_NO_COMMON_BLOCKS = YES;
				GCC_WARN_64_TO_32_BIT_CONVERSION = YES;
				GCC_WARN_ABOUT_RETURN_TYPE = YES_ERROR;
				GCC_WARN_UNDECLARED_SELECTOR = YES;
				GCC_WARN_UNINITIALIZED_AUTOS = YES_AGGRESSIVE;
				GCC_WARN_UNUSED_FUNCTION = YES;
				GCC_WARN_UNUSED_VARIABLE = YES;
				IPHONEOS_DEPLOYMENT_TARGET = 13.2;
				MTL_ENABLE_DEBUG_INFO = NO;
				MTL_FAST_MATH = YES;
				SDKROOT = iphoneos;
				SWIFT_COMPILATION_MODE = wholemodule;
				SWIFT_OPTIMIZATION_LEVEL = "-O";
				VALIDATE_PRODUCT = YES;
			};
			name = Release;
		};
		25F53D25242A83080022901F /* Debug */ = {
			isa = XCBuildConfiguration;
			buildSettings = {
				ASSETCATALOG_COMPILER_APPICON_NAME = AppIcon;
				CODE_SIGN_STYLE = Automatic;
				DEVELOPMENT_TEAM = A67XWT79K8;
				INFOPLIST_FILE = KeyboardObserver/Info.plist;
				LD_RUNPATH_SEARCH_PATHS = (
					"$(inherited)",
					"@executable_path/Frameworks",
				);
				PRODUCT_BUNDLE_IDENTIFIER = com.vialyx.KeyboardObserver;
				PRODUCT_NAME = "$(TARGET_NAME)";
				SWIFT_VERSION = 5.0;
				TARGETED_DEVICE_FAMILY = "1,2";
			};
			name = Debug;
		};
		25F53D26242A83080022901F /* Release */ = {
			isa = XCBuildConfiguration;
			buildSettings = {
				ASSETCATALOG_COMPILER_APPICON_NAME = AppIcon;
				CODE_SIGN_STYLE = Automatic;
				DEVELOPMENT_TEAM = A67XWT79K8;
				INFOPLIST_FILE = KeyboardObserver/Info.plist;
				LD_RUNPATH_SEARCH_PATHS = (
					"$(inherited)",
					"@executable_path/Frameworks",
				);
				PRODUCT_BUNDLE_IDENTIFIER = com.vialyx.KeyboardObserver;
				PRODUCT_NAME = "$(TARGET_NAME)";
				SWIFT_VERSION = 5.0;
				TARGETED_DEVICE_FAMILY = "1,2";
			};
			name = Release;
		};
/* End XCBuildConfiguration section */

/* Begin XCConfigurationList section */
		25F53D08242A83060022901F /* Build configuration list for PBXProject "KeyboardObserver" */ = {
			isa = XCConfigurationList;
			buildConfigurations = (
				25F53D22242A83080022901F /* Debug */,
				25F53D23242A83080022901F /* Release */,
			);
			defaultConfigurationIsVisible = 0;
			defaultConfigurationName = Release;
		};
		25F53D24242A83080022901F /* Build configuration list for PBXNativeTarget "KeyboardObserver" */ = {
			isa = XCConfigurationList;
			buildConfigurations = (
				25F53D25242A83080022901F /* Debug */,
				25F53D26242A83080022901F /* Release */,
			);
			defaultConfigurationIsVisible = 0;
			defaultConfigurationName = Release;
		};
/* End XCConfigurationList section */

/* Begin XCVersionGroup section */
		25F53D19242A83060022901F /* KeyboardObserver.xcdatamodeld */ = {
			isa = XCVersionGroup;
			children = (
				25F53D1A242A83060022901F /* KeyboardObserver.xcdatamodel */,
			);
			currentVersion = 25F53D1A242A83060022901F /* KeyboardObserver.xcdatamodel */;
			path = KeyboardObserver.xcdatamodeld;
			sourceTree = "<group>";
			versionGroupType = wrapper.xcdatamodel;
		};
/* End XCVersionGroup section */
	};
	rootObject = 25F53D05242A83060022901F /* Project object */;
}
